
Microsoft Visual Studio Solution File, Format Version 12.00
# Visual Studio 15
VisualStudioVersion = 15.0.28307.102
MinimumVisualStudioVersion = 10.0.40219.1
Project("{FAE04EC0-301F-11D3-BF4B-00C04F79EFBC}") = "ExchangeRate", "ExchangeRate\ExchangeRate.csproj", "{E93DAFE2-C262-4495-849C-77B70441DF8B}"
EndProject
Project("{FAE04EC0-301F-11D3-BF4B-00C04F79EFBC}") = "ER_Library", "ER_Library\ER_Library.csproj", "{95ADCC9E-844E-47CF-AF7D-A78A1F634EF8}"
EndProject
Global
	GlobalSection(SolutionConfigurationPlatforms) = preSolution
		Debug|Any CPU = Debug|Any CPU
		Release|Any CPU = Release|Any CPU
	EndGlobalSection
	GlobalSection(ProjectConfigurationPlatforms) = postSolution
		{E93DAFE2-C262-4495-849C-77B70441DF8B}.Debug|Any CPU.ActiveCfg = Debug|Any CPU
		{E93DAFE2-C262-4495-849C-77B70441DF8B}.Debug|Any CPU.Build.0 = Debug|Any CPU
		{E93DAFE2-C262-4495-849C-77B70441DF8B}.Release|Any CPU.ActiveCfg = Release|Any CPU
		{E93DAFE2-C262-4495-849C-77B70441DF8B}.Release|Any CPU.Build.0 = Release|Any CPU
		{95ADCC9E-844E-47CF-AF7D-A78A1F634EF8}.Debug|Any CPU.ActiveCfg = Debug|Any CPU
		{95ADCC9E-844E-47CF-AF7D-A78A1F634EF8}.Debug|Any CPU.Build.0 = Debug|Any CPU
		{95ADCC9E-844E-47CF-AF7D-A78A1F634EF8}.Release|Any CPU.ActiveCfg = Release|Any CPU
		{95ADCC9E-844E-47CF-AF7D-A78A1F634EF8}.Release|Any CPU.Build.0 = Release|Any CPU
	EndGlobalSection
	GlobalSection(SolutionProperties) = preSolution
		HideSolutionNode = FALSE
	EndGlobalSection
	GlobalSection(ExtensibilityGlobals) = postSolution
		SolutionGuid = {ACC9F8F5-604E-44AC-96A2-7BC1E3782F3A}
	EndGlobalSection
EndGlobal
